
Microsoft Visual Studio Solution File, Format Version 11.00
# Visual C# Express 2010
Project("{FAE04EC0-301F-11D3-BF4B-00C04F79EFBC}") = "MyCalendar", "MyCalendar.csproj", "{2237D86C-A4FE-4698-9F29-4973BF0A143E}"
EndProject
Global
	GlobalSection(SolutionConfigurationPlatforms) = preSolution
		Debug|Any CPU = Debug|Any CPU
		Release|Any CPU = Release|Any CPU
	EndGlobalSection
	GlobalSection(ProjectConfigurationPlatforms) = postSolution
		{2237D86C-A4FE-4698-9F29-4973BF0A143E}.Debug|Any CPU.ActiveCfg = Debug|Any CPU
		{2237D86C-A4FE-4698-9F29-4973BF0A143E}.Debug|Any CPU.Build.0 = Debug|Any CPU
		{2237D86C-A4FE-4698-9F29-4973BF0A143E}.Release|Any CPU.ActiveCfg = Release|Any CPU
		{2237D86C-A4FE-4698-9F29-4973BF0A143E}.Release|Any CPU.Build.0 = Release|Any CPU
	EndGlobalSection
	GlobalSection(SolutionProperties) = preSolution
		HideSolutionNode = FALSE
	EndGlobalSection
EndGlobal
